
Microsoft Visual Studio Solution File, Format Version 12.00
# Visual Studio Version 17
VisualStudioVersion = 17.10.34928.147
MinimumVisualStudioVersion = 10.0.40219.1
Project("{FAE04EC0-301F-11D3-BF4B-00C04F79EFBC}") = "ITDeskServer", "ITDeskServer.csproj", "{3EDC5DE3-01E9-4C94-89A8-456875B7397E}"
EndProject
Global
	GlobalSection(SolutionConfigurationPlatforms) = preSolution
		Debug|Any CPU = Debug|Any CPU
		Release|Any CPU = Release|Any CPU
	EndGlobalSection
	GlobalSection(ProjectConfigurationPlatforms) = postSolution
		{3EDC5DE3-01E9-4C94-89A8-456875B7397E}.Debug|Any CPU.ActiveCfg = Debug|Any CPU
		{3EDC5DE3-01E9-4C94-89A8-456875B7397E}.Debug|Any CPU.Build.0 = Debug|Any CPU
		{3EDC5DE3-01E9-4C94-89A8-456875B7397E}.Release|Any CPU.ActiveCfg = Release|Any CPU
		{3EDC5DE3-01E9-4C94-89A8-456875B7397E}.Release|Any CPU.Build.0 = Release|Any CPU
	EndGlobalSection
	GlobalSection(SolutionProperties) = preSolution
		HideSolutionNode = FALSE
	EndGlobalSection
	GlobalSection(ExtensibilityGlobals) = postSolution
		SolutionGuid = {0BF2F1C2-C750-457F-8E6B-38EEE6AEB6C9}
	EndGlobalSection
EndGlobal
