
Microsoft Visual Studio Solution File, Format Version 12.00
# Visual Studio Version 17
VisualStudioVersion = 17.10.34928.147
MinimumVisualStudioVersion = 10.0.40219.1
Project("{FAE04EC0-301F-11D3-BF4B-00C04F79EFBC}") = "ITDesk.WebApi", "ITDesk.WebApi\ITDesk.WebApi.csproj", "{2B04881A-FFAB-405D-A6F7-E870D8B9BE6D}"
EndProject
Global
	GlobalSection(SolutionConfigurationPlatforms) = preSolution
		Debug|Any CPU = Debug|Any CPU
		Release|Any CPU = Release|Any CPU
	EndGlobalSection
	GlobalSection(ProjectConfigurationPlatforms) = postSolution
		{2B04881A-FFAB-405D-A6F7-E870D8B9BE6D}.Debug|Any CPU.ActiveCfg = Debug|Any CPU
		{2B04881A-FFAB-405D-A6F7-E870D8B9BE6D}.Debug|Any CPU.Build.0 = Debug|Any CPU
		{2B04881A-FFAB-405D-A6F7-E870D8B9BE6D}.Release|Any CPU.ActiveCfg = Release|Any CPU
		{2B04881A-FFAB-405D-A6F7-E870D8B9BE6D}.Release|Any CPU.Build.0 = Release|Any CPU
	EndGlobalSection
	GlobalSection(SolutionProperties) = preSolution
		HideSolutionNode = FALSE
	EndGlobalSection
	GlobalSection(ExtensibilityGlobals) = postSolution
		SolutionGuid = {EF00D313-8E82-43B1-A7E0-F01E6A6CD3EE}
	EndGlobalSection
EndGlobal
